<?xml version="1.0" encoding="utf-8"?>
<Project ToolsVersion="4.0" xmlns="http://schemas.microsoft.com/developer/msbuild/2003">
  <ItemGroup>
    <Filter Include="Source Files">
      <UniqueIdentifier>{4FC737F1-C7A5-4376-A066-2A32D752A2FF}</UniqueIdentifier>
      <Extensions>cpp;c;cc;cxx;c++;def;odl;idl;hpj;bat;asm;asmx</Extensions>
    </Filter>
    <Filter Include="Header Files">
      <UniqueIdentifier>{93995380-89BD-4b04-88EB-625FBE52EBFB}</UniqueIdentifier>
      <Extensions>h;hh;hpp;hxx;h++;hm;inl;inc;ipp;xsd</Extensions>
    </Filter>
    <Filter Include="Resource Files">
      <UniqueIdentifier>{67DA6AB6-F800-4c08-8B7A-83BB121AAD01}</UniqueIdentifier>
      <Extensions>rc;ico;cur;bmp;dlg;rc2;rct;bin;rgs;gif;jpg;jpeg;jpe;resx;tiff;tif;png;wav;mfcribbon-ms</Extensions>
    </Filter>
  </ItemGroup>
  <ItemGroup>
    <ClCompile Include="src\Demo1\Demo1WanderBehaviour.cpp">
      <Filter>Source Files</Filter>
    </ClCompile>
    <ClCompile Include="src\Demo1\Demo1.cpp">
      <Filter>Source Files</Filter>
    </ClCompile>
    <ClCompile Include="src\Demo1\Demo1FleeBehaviour.cpp">
      <Filter>Source Files</Filter>
    </ClCompile>
    <ClCompile Include="src\Demo1\Demo1KeyboardBehaviour.cpp">
      <Filter>Source Files</Filter>
    </ClCompile>
    <ClCompile Include="src\Demo1\Demo1SeekBehaviour.cpp">
      <Filter>Source Files</Filter>
    </ClCompile>
    <ClCompile Include="src\Demo1\Demo1Player.cpp">
      <Filter>Source Files</Filter>
    </ClCompile>
    <ClCompile Include="src\Game\AssetManager.cpp">
      <Filter>Source Files</Filter>
    </ClCompile>
    <ClCompile Include="src\Game\BuildWorld.cpp">
      <Filter>Source Files</Filter>
    </ClCompile>
    <ClCompile Include="src\Game\PauseState.cpp">
      <Filter>Source Files</Filter>
    </ClCompile>
    <ClCompile Include="src\Game\PlayState.cpp">
      <Filter>Source Files</Filter>
    </ClCompile>
    <ClCompile Include="src\Game\Rabbit.cpp">
      <Filter>Source Files</Filter>
    </ClCompile>
    <ClCompile Include="src\Menu\SplashState.cpp">
      <Filter>Source Files</Filter>
    </ClCompile>
    <ClCompile Include="src\Menu\Application.cpp">
      <Filter>Source Files</Filter>
    </ClCompile>
    <ClCompile Include="src\Menu\GameStateManager.cpp">
      <Filter>Source Files</Filter>
    </ClCompile>
    <ClCompile Include="src\Menu\main.cpp">
      <Filter>Source Files</Filter>
    </ClCompile>
    <ClCompile Include="src\Menu\MenuState.cpp">
      <Filter>Source Files</Filter>
    </ClCompile>
    <ClCompile Include="src\Demo2\Demo2.cpp">
      <Filter>Source Files</Filter>
    </ClCompile>
    <ClCompile Include="src\Demo2\Demo2SeekBehaviour.cpp">
      <Filter>Source Files</Filter>
    </ClCompile>
    <ClCompile Include="src\Demo2\Demo2Player.cpp">
      <Filter>Source Files</Filter>
    </ClCompile>
    <ClCompile Include="src\Demo2\Demo2KeyboardBehaviour.cpp">
      <Filter>Source Files</Filter>
    </ClCompile>
    <ClCompile Include="src\Demo1\Demo1GameObject.cpp">
      <Filter>Source Files</Filter>
    </ClCompile>
    <ClCompile Include="src\Demo2\Demo2GameObject.cpp">
      <Filter>Source Files</Filter>
    </ClCompile>
  </ItemGroup>
  <ItemGroup>
    <ClInclude Include="inc\Demo1\Demo1.h">
      <Filter>Header Files</Filter>
    </ClInclude>
    <ClInclude Include="inc\Demo1\Demo1FleeBehaviour.h">
      <Filter>Header Files</Filter>
    </ClInclude>
    <ClInclude Include="inc\Demo1\Demo1KeyboardBehaviour.h">
      <Filter>Header Files</Filter>
    </ClInclude>
    <ClInclude Include="inc\Demo1\Demo1SeekBehaviour.h">
      <Filter>Header Files</Filter>
    </ClInclude>
    <ClInclude Include="inc\Demo1\Demo1WanderBehaviour.h">
      <Filter>Header Files</Filter>
    </ClInclude>
    <ClInclude Include="inc\Demo1\Demo1Player.h">
      <Filter>Header Files</Filter>
    </ClInclude>
    <ClInclude Include="inc\Game\Rabbit.h">
      <Filter>Header Files</Filter>
    </ClInclude>
    <ClInclude Include="inc\Game\PlayState.h">
      <Filter>Header Files</Filter>
    </ClInclude>
    <ClInclude Include="inc\Game\PauseState.h">
      <Filter>Header Files</Filter>
    </ClInclude>
    <ClInclude Include="inc\Game\BuildWord.h">
      <Filter>Header Files</Filter>
    </ClInclude>
    <ClInclude Include="inc\Game\AssetManager.h">
      <Filter>Header Files</Filter>
    </ClInclude>
    <ClInclude Include="inc\Demo1\Demo1Behaviour.h">
      <Filter>Header Files</Filter>
    </ClInclude>
    <ClInclude Include="inc\Menu\SplashState.h">
      <Filter>Header Files</Filter>
    </ClInclude>
    <ClInclude Include="inc\Menu\IGameState.h">
      <Filter>Header Files</Filter>
    </ClInclude>
    <ClInclude Include="inc\Menu\MenuState.h">
      <Filter>Header Files</Filter>
    </ClInclude>
    <ClInclude Include="inc\Menu\GameStateManager.h">
      <Filter>Header Files</Filter>
    </ClInclude>
    <ClInclude Include="inc\Menu\Application.h">
      <Filter>Header Files</Filter>
    </ClInclude>
    <ClInclude Include="inc\Demo2\Demo2.h">
      <Filter>Header Files</Filter>
    </ClInclude>
    <ClInclude Include="inc\Demo2\Demo2Player.h">
      <Filter>Header Files</Filter>
    </ClInclude>
    <ClInclude Include="inc\Demo2\Demo2SeekBehaviour.h">
      <Filter>Header Files</Filter>
    </ClInclude>
    <ClInclude Include="inc\Demo2\Demo2KeyboardBehaviour.h">
      <Filter>Header Files</Filter>
    </ClInclude>
    <ClInclude Include="inc\Demo2\Demo2Behaviour.h">
      <Filter>Header Files</Filter>
    </ClInclude>
    <ClInclude Include="inc\Demo2\Demo2Graph.h">
      <Filter>Header Files</Filter>
    </ClInclude>
    <ClInclude Include="inc\Demo2\Demo2GameObject.h">
      <Filter>Header Files</Filter>
    </ClInclude>
    <ClInclude Include="inc\Demo1\Demo1GameObject.h">
      <Filter>Header Files</Filter>
    </ClInclude>
  </ItemGroup>
  <ItemGroup>
    <Image Include="assets\bush.png">
      <Filter>Resource Files</Filter>
    </Image>
    <Image Include="assets\colourMap.png">
      <Filter>Resource Files</Filter>
    </Image>
    <Image Include="assets\fox.png">
      <Filter>Resource Files</Filter>
    </Image>
    <Image Include="assets\grass.png">
      <Filter>Resource Files</Filter>
    </Image>
    <Image Include="assets\hole.png">
      <Filter>Resource Files</Filter>
    </Image>
    <Image Include="assets\rabbit.png">
      <Filter>Resource Files</Filter>
    </Image>
    <Image Include="assets\tree.png">
      <Filter>Resource Files</Filter>
    </Image>
    <Image Include="assets\water.png">
      <Filter>Resource Files</Filter>
    </Image>
  </ItemGroup>
</Project>